
Microsoft Visual Studio Solution File, Format Version 12.00
# Visual Studio 15
VisualStudioVersion = 15.0.27703.2042
MinimumVisualStudioVersion = 10.0.40219.1
Project("{FAE04EC0-301F-11D3-BF4B-00C04F79EFBC}") = "KnowledgeShare", "KnowledgeShare\KnowledgeShare.csproj", "{C49C1E8B-A1B0-4C0E-AD52-D7714E784F5C}"
EndProject
Project("{FAE04EC0-301F-11D3-BF4B-00C04F79EFBC}") = "DataModel", "DataModel\DataModel.csproj", "{3F851D57-105A-478E-94C5-AE2C5D83520B}"
EndProject
Project("{FAE04EC0-301F-11D3-BF4B-00C04F79EFBC}") = "DataLayer", "DataLayer\DataLayer.csproj", "{DF434140-F61C-4920-8DDB-F73E38299CDA}"
EndProject
Global
	GlobalSection(SolutionConfigurationPlatforms) = preSolution
		Debug|Any CPU = Debug|Any CPU
		Release|Any CPU = Release|Any CPU
	EndGlobalSection
	GlobalSection(ProjectConfigurationPlatforms) = postSolution
		{C49C1E8B-A1B0-4C0E-AD52-D7714E784F5C}.Debug|Any CPU.ActiveCfg = Debug|Any CPU
		{C49C1E8B-A1B0-4C0E-AD52-D7714E784F5C}.Debug|Any CPU.Build.0 = Debug|Any CPU
		{C49C1E8B-A1B0-4C0E-AD52-D7714E784F5C}.Release|Any CPU.ActiveCfg = Release|Any CPU
		{C49C1E8B-A1B0-4C0E-AD52-D7714E784F5C}.Release|Any CPU.Build.0 = Release|Any CPU
		{3F851D57-105A-478E-94C5-AE2C5D83520B}.Debug|Any CPU.ActiveCfg = Debug|Any CPU
		{3F851D57-105A-478E-94C5-AE2C5D83520B}.Debug|Any CPU.Build.0 = Debug|Any CPU
		{3F851D57-105A-478E-94C5-AE2C5D83520B}.Release|Any CPU.ActiveCfg = Release|Any CPU
		{3F851D57-105A-478E-94C5-AE2C5D83520B}.Release|Any CPU.Build.0 = Release|Any CPU
		{DF434140-F61C-4920-8DDB-F73E38299CDA}.Debug|Any CPU.ActiveCfg = Debug|Any CPU
		{DF434140-F61C-4920-8DDB-F73E38299CDA}.Debug|Any CPU.Build.0 = Debug|Any CPU
		{DF434140-F61C-4920-8DDB-F73E38299CDA}.Release|Any CPU.ActiveCfg = Release|Any CPU
		{DF434140-F61C-4920-8DDB-F73E38299CDA}.Release|Any CPU.Build.0 = Release|Any CPU
	EndGlobalSection
	GlobalSection(SolutionProperties) = preSolution
		HideSolutionNode = FALSE
	EndGlobalSection
	GlobalSection(ExtensibilityGlobals) = postSolution
		SolutionGuid = {4FA418F0-3246-46A6-9616-E5C1BAEBD24C}
	EndGlobalSection
EndGlobal
